
Microsoft Visual Studio Solution File, Format Version 12.00
# Visual Studio 2013
VisualStudioVersion = 12.0.31101.0
MinimumVisualStudioVersion = 10.0.40219.1
Project("{FAE04EC0-301F-11D3-BF4B-00C04F79EFBC}") = "EHI-API", "EHI-API\EHI-API.csproj", "{03C359FD-A2A9-408C-9C5B-67BC5393092A}"
EndProject
Project("{FAE04EC0-301F-11D3-BF4B-00C04F79EFBC}") = "EHI-API.Tests", "C:\Users\Mahesh-Pc\Documents\Visual Studio 2013\Projects\EHI-API\EHI-API.Tests\EHI-API.Tests.csproj", "{5F4CB544-E7C4-40A5-9E53-33BB49113C07}"
EndProject
Project("{E24C65DC-7377-472B-9ABA-BC803B73C61A}") = "EHI-UI", "http://localhost:58436", "{B5E8B5C0-6EBD-4F3C-BA8C-0703498ABCFE}"
	ProjectSection(WebsiteProperties) = preProject
		UseIISExpress = "true"
		TargetFrameworkMoniker = ".NETFramework,Version%3Dv4.5"
		Debug.AspNetCompiler.VirtualPath = "/localhost_58436"
		Debug.AspNetCompiler.PhysicalPath = "EHI-UI\"
		Debug.AspNetCompiler.TargetPath = "PrecompiledWeb\localhost_58436\"
		Debug.AspNetCompiler.Updateable = "true"
		Debug.AspNetCompiler.ForceOverwrite = "true"
		Debug.AspNetCompiler.FixedNames = "false"
		Debug.AspNetCompiler.Debug = "True"
		Release.AspNetCompiler.VirtualPath = "/localhost_58436"
		Release.AspNetCompiler.PhysicalPath = "EHI-UI\"
		Release.AspNetCompiler.TargetPath = "PrecompiledWeb\localhost_58436\"
		Release.AspNetCompiler.Updateable = "true"
		Release.AspNetCompiler.ForceOverwrite = "true"
		Release.AspNetCompiler.FixedNames = "false"
		Release.AspNetCompiler.Debug = "False"
		SlnRelativePath = "EHI-UI\"
		DefaultWebSiteLanguage = "Visual C#"
	EndProjectSection
EndProject
Global
	GlobalSection(SolutionConfigurationPlatforms) = preSolution
		Debug|Any CPU = Debug|Any CPU
		Release|Any CPU = Release|Any CPU
	EndGlobalSection
	GlobalSection(ProjectConfigurationPlatforms) = postSolution
		{03C359FD-A2A9-408C-9C5B-67BC5393092A}.Debug|Any CPU.ActiveCfg = Debug|Any CPU
		{03C359FD-A2A9-408C-9C5B-67BC5393092A}.Debug|Any CPU.Build.0 = Debug|Any CPU
		{03C359FD-A2A9-408C-9C5B-67BC5393092A}.Release|Any CPU.ActiveCfg = Release|Any CPU
		{03C359FD-A2A9-408C-9C5B-67BC5393092A}.Release|Any CPU.Build.0 = Release|Any CPU
		{5F4CB544-E7C4-40A5-9E53-33BB49113C07}.Debug|Any CPU.ActiveCfg = Debug|Any CPU
		{5F4CB544-E7C4-40A5-9E53-33BB49113C07}.Debug|Any CPU.Build.0 = Debug|Any CPU
		{5F4CB544-E7C4-40A5-9E53-33BB49113C07}.Release|Any CPU.ActiveCfg = Release|Any CPU
		{5F4CB544-E7C4-40A5-9E53-33BB49113C07}.Release|Any CPU.Build.0 = Release|Any CPU
		{B5E8B5C0-6EBD-4F3C-BA8C-0703498ABCFE}.Debug|Any CPU.ActiveCfg = Debug|Any CPU
		{B5E8B5C0-6EBD-4F3C-BA8C-0703498ABCFE}.Debug|Any CPU.Build.0 = Debug|Any CPU
		{B5E8B5C0-6EBD-4F3C-BA8C-0703498ABCFE}.Release|Any CPU.ActiveCfg = Debug|Any CPU
		{B5E8B5C0-6EBD-4F3C-BA8C-0703498ABCFE}.Release|Any CPU.Build.0 = Debug|Any CPU
	EndGlobalSection
	GlobalSection(SolutionProperties) = preSolution
		HideSolutionNode = FALSE
	EndGlobalSection
EndGlobal
